<?xml version="1.0" encoding="UTF-8" standalone="yes" ?>
<CodeBlocks_project_file>
	<FileVersion major="1" minor="6" />
	<Project>
		<Option title="Sokoban-Cpp" />
		<Option pch_mode="2" />
		<Option compiler="gcc" />
		<Build>
			<Target title="Debug-Linux">
				<Option output="bin/Debug/Unix/libSokoban-Cpp" prefix_auto="1" extension_auto="1" />
				<Option object_output="obj/Debug/Unix/" />
				<Option type="3" />
				<Option compiler="gcc" />
				<Option createDefFile="1" />
				<Option createStaticLib="1" />
				<Compiler>
					<Add option="-g" />
				</Compiler>
			</Target>
			<Target title="Release-Linux">
				<Option output="bin/Release/Unix/libSokoban-Cpp" prefix_auto="1" extension_auto="1" />
				<Option object_output="obj/Release/Unix/" />
				<Option type="3" />
				<Option compiler="gcc" />
				<Option createDefFile="1" />
				<Option createStaticLib="1" />
				<Compiler>
					<Add option="-O2" />
				</Compiler>
				<Linker>
					<Add option="-s" />
				</Linker>
			</Target>
		</Build>
		<Compiler>
			<Add option="-Wall" />
			<Add option="-fexceptions" />
		</Compiler>
		<Unit filename="Makefile.am" />
		<Unit filename="configure.ac" />
		<Unit filename="src/Makefile.am" />
		<Unit filename="src/Makefile.in" />
		<Unit filename="src/assets/levels/00.lvl" />
		<Unit filename="src/assets/levels/01.lvl" />
		<Unit filename="src/assets/levels/02.lvl" />
		<Unit filename="src/assets/levels/03.lvl" />
		<Unit filename="src/assets/levels/04.lvl" />
		<Unit filename="src/assets/levels/05.lvl" />
		<Unit filename="src/assets/levels/06.lvl" />
		<Unit filename="src/assets/levels/07.lvl" />
		<Unit filename="src/assets/levels/08.lvl" />
		<Unit filename="src/assets/levels/09.lvl" />
		<Unit filename="src/assets/levels/10.lvl" />
		<Unit filename="src/assets/levels/11.lvl" />
		<Unit filename="src/assets/levels/12.lvl" />
		<Unit filename="src/assets/levels/13.lvl" />
		<Unit filename="src/assets/levels/14.lvl" />
		<Unit filename="src/assets/levels/15.lvl" />
		<Unit filename="src/assets/levels/16.lvl" />
		<Unit filename="src/assets/levels/17.lvl" />
		<Unit filename="src/assets/levels/18.lvl" />
		<Unit filename="src/assets/levels/19.lvl" />
		<Unit filename="src/assets/levels/20.lvl" />
		<Unit filename="src/assets/levels/21.lvl" />
		<Unit filename="src/assets/levels/22.lvl" />
		<Unit filename="src/assets/levels/23.lvl" />
		<Unit filename="src/assets/levels/24.lvl" />
		<Unit filename="src/assets/levels/25.lvl" />
		<Unit filename="src/assets/levels/26.lvl" />
		<Unit filename="src/core/Actor.cpp" />
		<Unit filename="src/core/Actor.hpp" />
		<Unit filename="src/core/Board.cpp" />
		<Unit filename="src/core/Board.hpp" />
		<Unit filename="src/core/Box.cpp" />
		<Unit filename="src/core/Box.hpp" />
		<Unit filename="src/core/Makefile.am" />
		<Unit filename="src/core/Makefile.in" />
		<Unit filename="src/core/Movable.cpp" />
		<Unit filename="src/core/Movable.hpp" />
		<Unit filename="src/core/Platform.cpp" />
		<Unit filename="src/core/Platform.hpp" />
		<Unit filename="src/core/Player.cpp" />
		<Unit filename="src/core/Player.hpp" />
		<Unit filename="src/core/Wall.cpp" />
		<Unit filename="src/core/Wall.hpp" />
		<Unit filename="src/main.cpp" />
		<Extensions />
	</Project>
</CodeBlocks_project_file>
